// !$*UTF8*$!
{
	archiveVersion = 1;
	classes = {
	};
	objectVersion = 46;
	objects = {

/* Begin PBXBuildFile section */
		131BAC6E339B359313410D22 /* libPods-Balco.a in Frameworks */ = {isa = PBXBuildFile; fileRef = 8096D604E91F4981FB61956C /* libPods-Balco.a */; };
		9306EE621D6862CB0063E614 /* PoliciesViewController.m in Sources */ = {isa = PBXBuildFile; fileRef = 9306EE611D6862CB0063E614 /* PoliciesViewController.m */; };
		9306EE681D6864130063E614 /* PoliciesTableViewCell.m in Sources */ = {isa = PBXBuildFile; fileRef = 9306EE671D6864130063E614 /* PoliciesTableViewCell.m */; };
		9306EE6B1D6869DD0063E614 /* SustainabilityStandardViewController.m in Sources */ = {isa = PBXBuildFile; fileRef = 9306EE6A1D6869DD0063E614 /* SustainabilityStandardViewController.m */; };
		9306EE6E1D6876460063E614 /* VSAPViewController.m in Sources */ = {isa = PBXBuildFile; fileRef = 9306EE6D1D6876460063E614 /* VSAPViewController.m */; };
		9306EE711D68794D0063E614 /* VSAPTableViewCell.m in Sources */ = {isa = PBXBuildFile; fileRef = 9306EE701D68794D0063E614 /* VSAPTableViewCell.m */; };
		9306EE741D6896940063E614 /* PoliciesWebViewController.m in Sources */ = {isa = PBXBuildFile; fileRef = 9306EE731D6896940063E614 /* PoliciesWebViewController.m */; };
		9370324A1D683A0C001C673E /* OTPViewController.m in Sources */ = {isa = PBXBuildFile; fileRef = 937032491D683A0C001C673E /* OTPViewController.m */; };
		9370324F1D683CC6001C673E /* LaunchScreenViewController.m in Sources */ = {isa = PBXBuildFile; fileRef = 9370324E1D683CC6001C673E /* LaunchScreenViewController.m */; };
		937032521D683E88001C673E /* LoginViewController.m in Sources */ = {isa = PBXBuildFile; fileRef = 937032511D683E88001C673E /* LoginViewController.m */; };
		93E120961D68CF560028A772 /* LeaderTableViewCell.m in Sources */ = {isa = PBXBuildFile; fileRef = 93E120951D68CF560028A772 /* LeaderTableViewCell.m */; };
		93E120991D68EB200028A772 /* HomeListDetailViewController.m in Sources */ = {isa = PBXBuildFile; fileRef = 93E120981D68EB200028A772 /* HomeListDetailViewController.m */; };
		DB0248481D687B2D00322DB7 /* LeadersVoiceViewController.m in Sources */ = {isa = PBXBuildFile; fileRef = DB0248471D687B2D00322DB7 /* LeadersVoiceViewController.m */; };
		DB02484B1D687C7000322DB7 /* QuizViewController.m in Sources */ = {isa = PBXBuildFile; fileRef = DB02484A1D687C7000322DB7 /* QuizViewController.m */; };
		DB02484E1D6898D800322DB7 /* MsgDetailViewController.m in Sources */ = {isa = PBXBuildFile; fileRef = DB02484D1D6898D800322DB7 /* MsgDetailViewController.m */; };
		DB0248511D68A90800322DB7 /* SustainabilityDetailListViewController.m in Sources */ = {isa = PBXBuildFile; fileRef = DB0248501D68A90800322DB7 /* SustainabilityDetailListViewController.m */; };
		DB066B9A1D67A9EC00162079 /* HomeTableViewCell.m in Sources */ = {isa = PBXBuildFile; fileRef = DB066B991D67A9EC00162079 /* HomeTableViewCell.m */; };
		DB5FB35A1D67C50D00B44069 /* WebServices.m in Sources */ = {isa = PBXBuildFile; fileRef = DB5FB3591D67C50D00B44069 /* WebServices.m */; };
		DB7FFB731D68C6C60030F71C /* ReportHazardViewController.m in Sources */ = {isa = PBXBuildFile; fileRef = DB7FFB721D68C6C60030F71C /* ReportHazardViewController.m */; };
		DB7FFB761D68DAE40030F71C /* SimpleTableViewCell.m in Sources */ = {isa = PBXBuildFile; fileRef = DB7FFB751D68DAE40030F71C /* SimpleTableViewCell.m */; };
		DBA8F97E1D678A0F006BBA45 /* main.m in Sources */ = {isa = PBXBuildFile; fileRef = DBA8F97D1D678A0F006BBA45 /* main.m */; };
		DBA8F9811D678A0F006BBA45 /* AppDelegate.m in Sources */ = {isa = PBXBuildFile; fileRef = DBA8F9801D678A0F006BBA45 /* AppDelegate.m */; };
		DBA8F9871D678A0F006BBA45 /* Main.storyboard in Resources */ = {isa = PBXBuildFile; fileRef = DBA8F9851D678A0F006BBA45 /* Main.storyboard */; };
		DBA8F9891D678A0F006BBA45 /* Assets.xcassets in Resources */ = {isa = PBXBuildFile; fileRef = DBA8F9881D678A0F006BBA45 /* Assets.xcassets */; };
		DBA8F99C1D678A99006BBA45 /* HomeViewController.m in Sources */ = {isa = PBXBuildFile; fileRef = DBA8F9981D678A99006BBA45 /* HomeViewController.m */; };
/* End PBXBuildFile section */

/* Begin PBXFileReference section */
		1A38B73702CDDD995E1F99C4 /* Pods-Balco.debug.xcconfig */ = {isa = PBXFileReference; includeInIndex = 1; lastKnownFileType = text.xcconfig; name = "Pods-Balco.debug.xcconfig"; path = "Pods/Target Support Files/Pods-Balco/Pods-Balco.debug.xcconfig"; sourceTree = "<group>"; };
		7D9E9089352874819AA410AC /* Pods-Balco.release.xcconfig */ = {isa = PBXFileReference; includeInIndex = 1; lastKnownFileType = text.xcconfig; name = "Pods-Balco.release.xcconfig"; path = "Pods/Target Support Files/Pods-Balco/Pods-Balco.release.xcconfig"; sourceTree = "<group>"; };
		8096D604E91F4981FB61956C /* libPods-Balco.a */ = {isa = PBXFileReference; explicitFileType = archive.ar; includeInIndex = 0; path = "libPods-Balco.a"; sourceTree = BUILT_PRODUCTS_DIR; };
		9306EE601D6862CB0063E614 /* PoliciesViewController.h */ = {isa = PBXFileReference; fileEncoding = 4; lastKnownFileType = sourcecode.c.h; path = PoliciesViewController.h; sourceTree = "<group>"; };
		9306EE611D6862CB0063E614 /* PoliciesViewController.m */ = {isa = PBXFileReference; fileEncoding = 4; lastKnownFileType = sourcecode.c.objc; path = PoliciesViewController.m; sourceTree = "<group>"; };
		9306EE661D6864130063E614 /* PoliciesTableViewCell.h */ = {isa = PBXFileReference; fileEncoding = 4; lastKnownFileType = sourcecode.c.h; path = PoliciesTableViewCell.h; sourceTree = "<group>"; };
		9306EE671D6864130063E614 /* PoliciesTableViewCell.m */ = {isa = PBXFileReference; fileEncoding = 4; lastKnownFileType = sourcecode.c.objc; path = PoliciesTableViewCell.m; sourceTree = "<group>"; };
		9306EE691D6869DD0063E614 /* SustainabilityStandardViewController.h */ = {isa = PBXFileReference; fileEncoding = 4; lastKnownFileType = sourcecode.c.h; path = SustainabilityStandardViewController.h; sourceTree = "<group>"; };
		9306EE6A1D6869DD0063E614 /* SustainabilityStandardViewController.m */ = {isa = PBXFileReference; fileEncoding = 4; lastKnownFileType = sourcecode.c.objc; path = SustainabilityStandardViewController.m; sourceTree = "<group>"; };
		9306EE6C1D6876460063E614 /* VSAPViewController.h */ = {isa = PBXFileReference; fileEncoding = 4; lastKnownFileType = sourcecode.c.h; path = VSAPViewController.h; sourceTree = "<group>"; };
		9306EE6D1D6876460063E614 /* VSAPViewController.m */ = {isa = PBXFileReference; fileEncoding = 4; lastKnownFileType = sourcecode.c.objc; path = VSAPViewController.m; sourceTree = "<group>"; };
		9306EE6F1D68794D0063E614 /* VSAPTableViewCell.h */ = {isa = PBXFileReference; fileEncoding = 4; lastKnownFileType = sourcecode.c.h; path = VSAPTableViewCell.h; sourceTree = "<group>"; };
		9306EE701D68794D0063E614 /* VSAPTableViewCell.m */ = {isa = PBXFileReference; fileEncoding = 4; lastKnownFileType = sourcecode.c.objc; path = VSAPTableViewCell.m; sourceTree = "<group>"; };
		9306EE721D6896940063E614 /* PoliciesWebViewController.h */ = {isa = PBXFileReference; fileEncoding = 4; lastKnownFileType = sourcecode.c.h; path = PoliciesWebViewController.h; sourceTree = "<group>"; };
		9306EE731D6896940063E614 /* PoliciesWebViewController.m */ = {isa = PBXFileReference; fileEncoding = 4; lastKnownFileType = sourcecode.c.objc; path = PoliciesWebViewController.m; sourceTree = "<group>"; };
		937032481D683A0C001C673E /* OTPViewController.h */ = {isa = PBXFileReference; fileEncoding = 4; lastKnownFileType = sourcecode.c.h; path = OTPViewController.h; sourceTree = "<group>"; };
		937032491D683A0C001C673E /* OTPViewController.m */ = {isa = PBXFileReference; fileEncoding = 4; lastKnownFileType = sourcecode.c.objc; path = OTPViewController.m; sourceTree = "<group>"; };
		9370324D1D683CC6001C673E /* LaunchScreenViewController.h */ = {isa = PBXFileReference; fileEncoding = 4; lastKnownFileType = sourcecode.c.h; path = LaunchScreenViewController.h; sourceTree = "<group>"; };
		9370324E1D683CC6001C673E /* LaunchScreenViewController.m */ = {isa = PBXFileReference; fileEncoding = 4; lastKnownFileType = sourcecode.c.objc; path = LaunchScreenViewController.m; sourceTree = "<group>"; };
		937032501D683E88001C673E /* LoginViewController.h */ = {isa = PBXFileReference; fileEncoding = 4; lastKnownFileType = sourcecode.c.h; path = LoginViewController.h; sourceTree = "<group>"; };
		937032511D683E88001C673E /* LoginViewController.m */ = {isa = PBXFileReference; fileEncoding = 4; lastKnownFileType = sourcecode.c.objc; path = LoginViewController.m; sourceTree = "<group>"; };
		93E120941D68CF560028A772 /* LeaderTableViewCell.h */ = {isa = PBXFileReference; fileEncoding = 4; lastKnownFileType = sourcecode.c.h; path = LeaderTableViewCell.h; sourceTree = "<group>"; };
		93E120951D68CF560028A772 /* LeaderTableViewCell.m */ = {isa = PBXFileReference; fileEncoding = 4; lastKnownFileType = sourcecode.c.objc; path = LeaderTableViewCell.m; sourceTree = "<group>"; };
		93E120971D68EB200028A772 /* HomeListDetailViewController.h */ = {isa = PBXFileReference; fileEncoding = 4; lastKnownFileType = sourcecode.c.h; path = HomeListDetailViewController.h; sourceTree = "<group>"; };
		93E120981D68EB200028A772 /* HomeListDetailViewController.m */ = {isa = PBXFileReference; fileEncoding = 4; lastKnownFileType = sourcecode.c.objc; path = HomeListDetailViewController.m; sourceTree = "<group>"; };
		DB0248461D687B2D00322DB7 /* LeadersVoiceViewController.h */ = {isa = PBXFileReference; fileEncoding = 4; lastKnownFileType = sourcecode.c.h; path = LeadersVoiceViewController.h; sourceTree = "<group>"; };
		DB0248471D687B2D00322DB7 /* LeadersVoiceViewController.m */ = {isa = PBXFileReference; fileEncoding = 4; lastKnownFileType = sourcecode.c.objc; path = LeadersVoiceViewController.m; sourceTree = "<group>"; };
		DB0248491D687C7000322DB7 /* QuizViewController.h */ = {isa = PBXFileReference; fileEncoding = 4; lastKnownFileType = sourcecode.c.h; path = QuizViewController.h; sourceTree = "<group>"; };
		DB02484A1D687C7000322DB7 /* QuizViewController.m */ = {isa = PBXFileReference; fileEncoding = 4; lastKnownFileType = sourcecode.c.objc; path = QuizViewController.m; sourceTree = "<group>"; };
		DB02484C1D6898D700322DB7 /* MsgDetailViewController.h */ = {isa = PBXFileReference; fileEncoding = 4; lastKnownFileType = sourcecode.c.h; path = MsgDetailViewController.h; sourceTree = "<group>"; };
		DB02484D1D6898D800322DB7 /* MsgDetailViewController.m */ = {isa = PBXFileReference; fileEncoding = 4; lastKnownFileType = sourcecode.c.objc; path = MsgDetailViewController.m; sourceTree = "<group>"; };
		DB02484F1D68A90800322DB7 /* SustainabilityDetailListViewController.h */ = {isa = PBXFileReference; fileEncoding = 4; lastKnownFileType = sourcecode.c.h; path = SustainabilityDetailListViewController.h; sourceTree = "<group>"; };
		DB0248501D68A90800322DB7 /* SustainabilityDetailListViewController.m */ = {isa = PBXFileReference; fileEncoding = 4; lastKnownFileType = sourcecode.c.objc; path = SustainabilityDetailListViewController.m; sourceTree = "<group>"; };
		DB066B981D67A9EC00162079 /* HomeTableViewCell.h */ = {isa = PBXFileReference; fileEncoding = 4; lastKnownFileType = sourcecode.c.h; path = HomeTableViewCell.h; sourceTree = "<group>"; };
		DB066B991D67A9EC00162079 /* HomeTableViewCell.m */ = {isa = PBXFileReference; fileEncoding = 4; lastKnownFileType = sourcecode.c.objc; path = HomeTableViewCell.m; sourceTree = "<group>"; };
		DB5FB3581D67C50D00B44069 /* WebServices.h */ = {isa = PBXFileReference; fileEncoding = 4; lastKnownFileType = sourcecode.c.h; path = WebServices.h; sourceTree = "<group>"; };
		DB5FB3591D67C50D00B44069 /* WebServices.m */ = {isa = PBXFileReference; fileEncoding = 4; lastKnownFileType = sourcecode.c.objc; path = WebServices.m; sourceTree = "<group>"; };
		DB7FFB711D68C6C60030F71C /* ReportHazardViewController.h */ = {isa = PBXFileReference; fileEncoding = 4; lastKnownFileType = sourcecode.c.h; path = ReportHazardViewController.h; sourceTree = "<group>"; };
		DB7FFB721D68C6C60030F71C /* ReportHazardViewController.m */ = {isa = PBXFileReference; fileEncoding = 4; lastKnownFileType = sourcecode.c.objc; path = ReportHazardViewController.m; sourceTree = "<group>"; };
		DB7FFB741D68DAE40030F71C /* SimpleTableViewCell.h */ = {isa = PBXFileReference; fileEncoding = 4; lastKnownFileType = sourcecode.c.h; path = SimpleTableViewCell.h; sourceTree = "<group>"; };
		DB7FFB751D68DAE40030F71C /* SimpleTableViewCell.m */ = {isa = PBXFileReference; fileEncoding = 4; lastKnownFileType = sourcecode.c.objc; path = SimpleTableViewCell.m; sourceTree = "<group>"; };
		DBA8F9791D678A0F006BBA45 /* Balco Sustainability App.app */ = {isa = PBXFileReference; explicitFileType = wrapper.application; includeInIndex = 0; path = "Balco Sustainability App.app"; sourceTree = BUILT_PRODUCTS_DIR; };
		DBA8F97D1D678A0F006BBA45 /* main.m */ = {isa = PBXFileReference; lastKnownFileType = sourcecode.c.objc; path = main.m; sourceTree = "<group>"; };
		DBA8F97F1D678A0F006BBA45 /* AppDelegate.h */ = {isa = PBXFileReference; lastKnownFileType = sourcecode.c.h; path = AppDelegate.h; sourceTree = "<group>"; };
		DBA8F9801D678A0F006BBA45 /* AppDelegate.m */ = {isa = PBXFileReference; lastKnownFileType = sourcecode.c.objc; path = AppDelegate.m; sourceTree = "<group>"; };
		DBA8F9861D678A0F006BBA45 /* Base */ = {isa = PBXFileReference; lastKnownFileType = file.storyboard; name = Base; path = Base.lproj/Main.storyboard; sourceTree = "<group>"; };
		DBA8F9881D678A0F006BBA45 /* Assets.xcassets */ = {isa = PBXFileReference; lastKnownFileType = folder.assetcatalog; path = Assets.xcassets; sourceTree = "<group>"; };
		DBA8F98D1D678A0F006BBA45 /* Info.plist */ = {isa = PBXFileReference; lastKnownFileType = text.plist.xml; path = Info.plist; sourceTree = "<group>"; };
		DBA8F9971D678A99006BBA45 /* HomeViewController.h */ = {isa = PBXFileReference; fileEncoding = 4; lastKnownFileType = sourcecode.c.h; path = HomeViewController.h; sourceTree = "<group>"; };
		DBA8F9981D678A99006BBA45 /* HomeViewController.m */ = {isa = PBXFileReference; fileEncoding = 4; lastKnownFileType = sourcecode.c.objc; path = HomeViewController.m; sourceTree = "<group>"; };
/* End PBXFileReference section */

/* Begin PBXFrameworksBuildPhase section */
		DBA8F9761D678A0F006BBA45 /* Frameworks */ = {
			isa = PBXFrameworksBuildPhase;
			buildActionMask = 2147483647;
			files = (
				131BAC6E339B359313410D22 /* libPods-Balco.a in Frameworks */,
			);
			runOnlyForDeploymentPostprocessing = 0;
		};
/* End PBXFrameworksBuildPhase section */

/* Begin PBXGroup section */
		1105CB66A75861734462D057 /* Frameworks */ = {
			isa = PBXGroup;
			children = (
				8096D604E91F4981FB61956C /* libPods-Balco.a */,
			);
			name = Frameworks;
			sourceTree = "<group>";
		};
		A6D071CEB311B02CF544A6BE /* Pods */ = {
			isa = PBXGroup;
			children = (
				1A38B73702CDDD995E1F99C4 /* Pods-Balco.debug.xcconfig */,
				7D9E9089352874819AA410AC /* Pods-Balco.release.xcconfig */,
			);
			name = Pods;
			sourceTree = "<group>";
		};
		DBA8F9701D678A0F006BBA45 = {
			isa = PBXGroup;
			children = (
				DBA8F97B1D678A0F006BBA45 /* Balco */,
				DBA8F97A1D678A0F006BBA45 /* Products */,
				A6D071CEB311B02CF544A6BE /* Pods */,
				1105CB66A75861734462D057 /* Frameworks */,
			);
			sourceTree = "<group>";
		};
		DBA8F97A1D678A0F006BBA45 /* Products */ = {
			isa = PBXGroup;
			children = (
				DBA8F9791D678A0F006BBA45 /* Balco Sustainability App.app */,
			);
			name = Products;
			sourceTree = "<group>";
		};
		DBA8F97B1D678A0F006BBA45 /* Balco */ = {
			isa = PBXGroup;
			children = (
				DBA8F9931D678A99006BBA45 /* Images */,
				DBA8F9941D678A99006BBA45 /* Misc */,
				DBA8F9951D678A99006BBA45 /* MVC */,
				DBA8F99B1D678A99006BBA45 /* Utility */,
				DBA8F97F1D678A0F006BBA45 /* AppDelegate.h */,
				DBA8F9801D678A0F006BBA45 /* AppDelegate.m */,
				DBA8F9851D678A0F006BBA45 /* Main.storyboard */,
				DBA8F9881D678A0F006BBA45 /* Assets.xcassets */,
				DBA8F98D1D678A0F006BBA45 /* Info.plist */,
				DBA8F97C1D678A0F006BBA45 /* Supporting Files */,
			);
			path = Balco;
			sourceTree = "<group>";
		};
		DBA8F97C1D678A0F006BBA45 /* Supporting Files */ = {
			isa = PBXGroup;
			children = (
				DBA8F97D1D678A0F006BBA45 /* main.m */,
			);
			name = "Supporting Files";
			sourceTree = "<group>";
		};
		DBA8F9931D678A99006BBA45 /* Images */ = {
			isa = PBXGroup;
			children = (
			);
			path = Images;
			sourceTree = "<group>";
		};
		DBA8F9941D678A99006BBA45 /* Misc */ = {
			isa = PBXGroup;
			children = (
			);
			path = Misc;
			sourceTree = "<group>";
		};
		DBA8F9951D678A99006BBA45 /* MVC */ = {
			isa = PBXGroup;
			children = (
				DBA8F9961D678A99006BBA45 /* Controller */,
				DBA8F9991D678A99006BBA45 /* Model */,
				DBA8F99A1D678A99006BBA45 /* View */,
			);
			path = MVC;
			sourceTree = "<group>";
		};
		DBA8F9961D678A99006BBA45 /* Controller */ = {
			isa = PBXGroup;
			children = (
				DBA8F9971D678A99006BBA45 /* HomeViewController.h */,
				DBA8F9981D678A99006BBA45 /* HomeViewController.m */,
				93E120971D68EB200028A772 /* HomeListDetailViewController.h */,
				93E120981D68EB200028A772 /* HomeListDetailViewController.m */,
				937032481D683A0C001C673E /* OTPViewController.h */,
				937032491D683A0C001C673E /* OTPViewController.m */,
				9370324D1D683CC6001C673E /* LaunchScreenViewController.h */,
				9370324E1D683CC6001C673E /* LaunchScreenViewController.m */,
				DB0248461D687B2D00322DB7 /* LeadersVoiceViewController.h */,
				DB0248471D687B2D00322DB7 /* LeadersVoiceViewController.m */,
				937032501D683E88001C673E /* LoginViewController.h */,
				937032511D683E88001C673E /* LoginViewController.m */,
				DB02484C1D6898D700322DB7 /* MsgDetailViewController.h */,
				DB02484D1D6898D800322DB7 /* MsgDetailViewController.m */,
				9306EE601D6862CB0063E614 /* PoliciesViewController.h */,
				9306EE611D6862CB0063E614 /* PoliciesViewController.m */,
				9306EE721D6896940063E614 /* PoliciesWebViewController.h */,
				9306EE731D6896940063E614 /* PoliciesWebViewController.m */,
				DB0248491D687C7000322DB7 /* QuizViewController.h */,
				DB02484A1D687C7000322DB7 /* QuizViewController.m */,
				DB7FFB711D68C6C60030F71C /* ReportHazardViewController.h */,
				DB7FFB721D68C6C60030F71C /* ReportHazardViewController.m */,
				9306EE691D6869DD0063E614 /* SustainabilityStandardViewController.h */,
				9306EE6A1D6869DD0063E614 /* SustainabilityStandardViewController.m */,
				DB02484F1D68A90800322DB7 /* SustainabilityDetailListViewController.h */,
				DB0248501D68A90800322DB7 /* SustainabilityDetailListViewController.m */,
				9306EE6C1D6876460063E614 /* VSAPViewController.h */,
				9306EE6D1D6876460063E614 /* VSAPViewController.m */,
			);
			path = Controller;
			sourceTree = "<group>";
		};
		DBA8F9991D678A99006BBA45 /* Model */ = {
			isa = PBXGroup;
			children = (
			);
			path = Model;
			sourceTree = "<group>";
		};
		DBA8F99A1D678A99006BBA45 /* View */ = {
			isa = PBXGroup;
			children = (
				DB066B981D67A9EC00162079 /* HomeTableViewCell.h */,
				DB066B991D67A9EC00162079 /* HomeTableViewCell.m */,
				93E120941D68CF560028A772 /* LeaderTableViewCell.h */,
				93E120951D68CF560028A772 /* LeaderTableViewCell.m */,
				9306EE661D6864130063E614 /* PoliciesTableViewCell.h */,
				9306EE671D6864130063E614 /* PoliciesTableViewCell.m */,
				DB7FFB741D68DAE40030F71C /* SimpleTableViewCell.h */,
				DB7FFB751D68DAE40030F71C /* SimpleTableViewCell.m */,
				9306EE6F1D68794D0063E614 /* VSAPTableViewCell.h */,
				9306EE701D68794D0063E614 /* VSAPTableViewCell.m */,
			);
			path = View;
			sourceTree = "<group>";
		};
		DBA8F99B1D678A99006BBA45 /* Utility */ = {
			isa = PBXGroup;
			children = (
				DB5FB3581D67C50D00B44069 /* WebServices.h */,
				DB5FB3591D67C50D00B44069 /* WebServices.m */,
			);
			path = Utility;
			sourceTree = "<group>";
		};
/* End PBXGroup section */

/* Begin PBXNativeTarget section */
		DBA8F9781D678A0F006BBA45 /* Balco */ = {
			isa = PBXNativeTarget;
			buildConfigurationList = DBA8F9901D678A0F006BBA45 /* Build configuration list for PBXNativeTarget "Balco" */;
			buildPhases = (
				A53BC7CBFA50C9D663B7421B /* [CP] Check Pods Manifest.lock */,
				DBA8F9751D678A0F006BBA45 /* Sources */,
				DBA8F9761D678A0F006BBA45 /* Frameworks */,
				DBA8F9771D678A0F006BBA45 /* Resources */,
				6B2FA4706087288C74D53E5D /* [CP] Embed Pods Frameworks */,
				3E7EA15ADB9B601A07A14C25 /* [CP] Copy Pods Resources */,
				8FBAA753B1763D4ADF1D65FD /* Embed Pods Frameworks */,
			);
			buildRules = (
			);
			dependencies = (
			);
			name = Balco;
			productName = Balco;
			productReference = DBA8F9791D678A0F006BBA45 /* Balco Sustainability App.app */;
			productType = "com.apple.product-type.application";
		};
/* End PBXNativeTarget section */

/* Begin PBXProject section */
		DBA8F9711D678A0F006BBA45 /* Project object */ = {
			isa = PBXProject;
			attributes = {
				LastUpgradeCheck = 0720;
				ORGANIZATIONNAME = sy;
				TargetAttributes = {
					DBA8F9781D678A0F006BBA45 = {
						CreatedOnToolsVersion = 7.2;
					};
				};
			};
			buildConfigurationList = DBA8F9741D678A0F006BBA45 /* Build configuration list for PBXProject "Balco" */;
			compatibilityVersion = "Xcode 3.2";
			developmentRegion = English;
			hasScannedForEncodings = 0;
			knownRegions = (
				en,
				Base,
			);
			mainGroup = DBA8F9701D678A0F006BBA45;
			productRefGroup = DBA8F97A1D678A0F006BBA45 /* Products */;
			projectDirPath = "";
			projectRoot = "";
			targets = (
				DBA8F9781D678A0F006BBA45 /* Balco */,
			);
		};
/* End PBXProject section */

/* Begin PBXResourcesBuildPhase section */
		DBA8F9771D678A0F006BBA45 /* Resources */ = {
			isa = PBXResourcesBuildPhase;
			buildActionMask = 2147483647;
			files = (
				DBA8F9891D678A0F006BBA45 /* Assets.xcassets in Resources */,
				DBA8F9871D678A0F006BBA45 /* Main.storyboard in Resources */,
			);
			runOnlyForDeploymentPostprocessing = 0;
		};
/* End PBXResourcesBuildPhase section */

/* Begin PBXShellScriptBuildPhase section */
		3E7EA15ADB9B601A07A14C25 /* [CP] Copy Pods Resources */ = {
			isa = PBXShellScriptBuildPhase;
			buildActionMask = 2147483647;
			files = (
			);
			inputPaths = (
			);
			name = "[CP] Copy Pods Resources";
			outputPaths = (
			);
			runOnlyForDeploymentPostprocessing = 0;
			shellPath = /bin/sh;
			shellScript = "\"${SRCROOT}/Pods/Target Support Files/Pods-Balco/Pods-Balco-resources.sh\"\n";
			showEnvVarsInLog = 0;
		};
		6B2FA4706087288C74D53E5D /* [CP] Embed Pods Frameworks */ = {
			isa = PBXShellScriptBuildPhase;
			buildActionMask = 2147483647;
			files = (
			);
			inputPaths = (
			);
			name = "[CP] Embed Pods Frameworks";
			outputPaths = (
			);
			runOnlyForDeploymentPostprocessing = 0;
			shellPath = /bin/sh;
			shellScript = "\"${SRCROOT}/Pods/Target Support Files/Pods-Balco/Pods-Balco-frameworks.sh\"\n";
			showEnvVarsInLog = 0;
		};
		8FBAA753B1763D4ADF1D65FD /* Embed Pods Frameworks */ = {
			isa = PBXShellScriptBuildPhase;
			buildActionMask = 2147483647;
			files = (
			);
			inputPaths = (
			);
			name = "Embed Pods Frameworks";
			outputPaths = (
			);
			runOnlyForDeploymentPostprocessing = 0;
			shellPath = /bin/sh;
			shellScript = "\"${SRCROOT}/Pods/Target Support Files/Pods-Balco/Pods-Balco-frameworks.sh\"\n";
			showEnvVarsInLog = 0;
		};
		A53BC7CBFA50C9D663B7421B /* [CP] Check Pods Manifest.lock */ = {
			isa = PBXShellScriptBuildPhase;
			buildActionMask = 2147483647;
			files = (
			);
			inputPaths = (
			);
			name = "[CP] Check Pods Manifest.lock";
			outputPaths = (
			);
			runOnlyForDeploymentPostprocessing = 0;
			shellPath = /bin/sh;
			shellScript = "diff \"${PODS_ROOT}/../Podfile.lock\" \"${PODS_ROOT}/Manifest.lock\" > /dev/null\nif [[ $? != 0 ]] ; then\n    cat << EOM\nerror: The sandbox is not in sync with the Podfile.lock. Run 'pod install' or update your CocoaPods installation.\nEOM\n    exit 1\nfi\n";
			showEnvVarsInLog = 0;
		};
/* End PBXShellScriptBuildPhase section */

/* Begin PBXSourcesBuildPhase section */
		DBA8F9751D678A0F006BBA45 /* Sources */ = {
			isa = PBXSourcesBuildPhase;
			buildActionMask = 2147483647;
			files = (
				93E120961D68CF560028A772 /* LeaderTableViewCell.m in Sources */,
				DB0248511D68A90800322DB7 /* SustainabilityDetailListViewController.m in Sources */,
				937032521D683E88001C673E /* LoginViewController.m in Sources */,
				DBA8F9811D678A0F006BBA45 /* AppDelegate.m in Sources */,
				93E120991D68EB200028A772 /* HomeListDetailViewController.m in Sources */,
				9370324F1D683CC6001C673E /* LaunchScreenViewController.m in Sources */,
				9306EE711D68794D0063E614 /* VSAPTableViewCell.m in Sources */,
				9306EE621D6862CB0063E614 /* PoliciesViewController.m in Sources */,
				DB0248481D687B2D00322DB7 /* LeadersVoiceViewController.m in Sources */,
				DB7FFB731D68C6C60030F71C /* ReportHazardViewController.m in Sources */,
				DB5FB35A1D67C50D00B44069 /* WebServices.m in Sources */,
				9370324A1D683A0C001C673E /* OTPViewController.m in Sources */,
				DB02484B1D687C7000322DB7 /* QuizViewController.m in Sources */,
				9306EE6B1D6869DD0063E614 /* SustainabilityStandardViewController.m in Sources */,
				DBA8F97E1D678A0F006BBA45 /* main.m in Sources */,
				DB7FFB761D68DAE40030F71C /* SimpleTableViewCell.m in Sources */,
				9306EE741D6896940063E614 /* PoliciesWebViewController.m in Sources */,
				9306EE6E1D6876460063E614 /* VSAPViewController.m in Sources */,
				9306EE681D6864130063E614 /* PoliciesTableViewCell.m in Sources */,
				DB02484E1D6898D800322DB7 /* MsgDetailViewController.m in Sources */,
				DB066B9A1D67A9EC00162079 /* HomeTableViewCell.m in Sources */,
				DBA8F99C1D678A99006BBA45 /* HomeViewController.m in Sources */,
			);
			runOnlyForDeploymentPostprocessing = 0;
		};
/* End PBXSourcesBuildPhase section */

/* Begin PBXVariantGroup section */
		DBA8F9851D678A0F006BBA45 /* Main.storyboard */ = {
			isa = PBXVariantGroup;
			children = (
				DBA8F9861D678A0F006BBA45 /* Base */,
			);
			name = Main.storyboard;
			sourceTree = "<group>";
		};
/* End PBXVariantGroup section */

/* Begin XCBuildConfiguration section */
		DBA8F98E1D678A0F006BBA45 /* Debug */ = {
			isa = XCBuildConfiguration;
			buildSettings = {
				ALWAYS_SEARCH_USER_PATHS = NO;
				CLANG_CXX_LANGUAGE_STANDARD = "gnu++0x";
				CLANG_CXX_LIBRARY = "libc++";
				CLANG_ENABLE_MODULES = YES;
				CLANG_ENABLE_OBJC_ARC = YES;
				CLANG_WARN_BOOL_CONVERSION = YES;
				CLANG_WARN_CONSTANT_CONVERSION = YES;
				CLANG_WARN_DIRECT_OBJC_ISA_USAGE = YES_ERROR;
				CLANG_WARN_EMPTY_BODY = YES;
				CLANG_WARN_ENUM_CONVERSION = YES;
				CLANG_WARN_INT_CONVERSION = YES;
				CLANG_WARN_OBJC_ROOT_CLASS = YES_ERROR;
				CLANG_WARN_UNREACHABLE_CODE = YES;
				CLANG_WARN__DUPLICATE_METHOD_MATCH = YES;
				"CODE_SIGN_IDENTITY[sdk=iphoneos*]" = "iPhone Developer";
				COPY_PHASE_STRIP = NO;
				DEBUG_INFORMATION_FORMAT = dwarf;
				ENABLE_STRICT_OBJC_MSGSEND = YES;
				ENABLE_TESTABILITY = YES;
				GCC_C_LANGUAGE_STANDARD = gnu99;
				GCC_DYNAMIC_NO_PIC = NO;
				GCC_NO_COMMON_BLOCKS = YES;
				GCC_OPTIMIZATION_LEVEL = 0;
				GCC_PREPROCESSOR_DEFINITIONS = (
					"DEBUG=1",
					"$(inherited)",
				);
				GCC_WARN_64_TO_32_BIT_CONVERSION = YES;
				GCC_WARN_ABOUT_RETURN_TYPE = YES_ERROR;
				GCC_WARN_UNDECLARED_SELECTOR = YES;
				GCC_WARN_UNINITIALIZED_AUTOS = YES_AGGRESSIVE;
				GCC_WARN_UNUSED_FUNCTION = YES;
				GCC_WARN_UNUSED_VARIABLE = YES;
				IPHONEOS_DEPLOYMENT_TARGET = 9.2;
				MTL_ENABLE_DEBUG_INFO = YES;
				ONLY_ACTIVE_ARCH = YES;
				SDKROOT = iphoneos;
				TARGETED_DEVICE_FAMILY = "1,2";
			};
			name = Debug;
		};
		DBA8F98F1D678A0F006BBA45 /* Release */ = {
			isa = XCBuildConfiguration;
			buildSettings = {
				ALWAYS_SEARCH_USER_PATHS = NO;
				CLANG_CXX_LANGUAGE_STANDARD = "gnu++0x";
				CLANG_CXX_LIBRARY = "libc++";
				CLANG_ENABLE_MODULES = YES;
				CLANG_ENABLE_OBJC_ARC = YES;
				CLANG_WARN_BOOL_CONVERSION = YES;
				CLANG_WARN_CONSTANT_CONVERSION = YES;
				CLANG_WARN_DIRECT_OBJC_ISA_USAGE = YES_ERROR;
				CLANG_WARN_EMPTY_BODY = YES;
				CLANG_WARN_ENUM_CONVERSION = YES;
				CLANG_WARN_INT_CONVERSION = YES;
				CLANG_WARN_OBJC_ROOT_CLASS = YES_ERROR;
				CLANG_WARN_UNREACHABLE_CODE = YES;
				CLANG_WARN__DUPLICATE_METHOD_MATCH = YES;
				"CODE_SIGN_IDENTITY[sdk=iphoneos*]" = "iPhone Developer";
				COPY_PHASE_STRIP = NO;
				DEBUG_INFORMATION_FORMAT = "dwarf-with-dsym";
				ENABLE_NS_ASSERTIONS = NO;
				ENABLE_STRICT_OBJC_MSGSEND = YES;
				GCC_C_LANGUAGE_STANDARD = gnu99;
				GCC_NO_COMMON_BLOCKS = YES;
				GCC_WARN_64_TO_32_BIT_CONVERSION = YES;
				GCC_WARN_ABOUT_RETURN_TYPE = YES_ERROR;
				GCC_WARN_UNDECLARED_SELECTOR = YES;
				GCC_WARN_UNINITIALIZED_AUTOS = YES_AGGRESSIVE;
				GCC_WARN_UNUSED_FUNCTION = YES;
				GCC_WARN_UNUSED_VARIABLE = YES;
				IPHONEOS_DEPLOYMENT_TARGET = 9.2;
				MTL_ENABLE_DEBUG_INFO = NO;
				SDKROOT = iphoneos;
				TARGETED_DEVICE_FAMILY = "1,2";
				VALIDATE_PRODUCT = YES;
			};
			name = Release;
		};
		DBA8F9911D678A0F006BBA45 /* Debug */ = {
			isa = XCBuildConfiguration;
			baseConfigurationReference = 1A38B73702CDDD995E1F99C4 /* Pods-Balco.debug.xcconfig */;
			buildSettings = {
				ASSETCATALOG_COMPILER_APPICON_NAME = AppIcon;
				ASSETCATALOG_COMPILER_LAUNCHIMAGE_NAME = LaunchImage;
				INFOPLIST_FILE = Balco/Info.plist;
				IPHONEOS_DEPLOYMENT_TARGET = 8.0;
				LD_RUNPATH_SEARCH_PATHS = "$(inherited) @executable_path/Frameworks";
				PRODUCT_BUNDLE_IDENTIFIER = sy.Balco;
				PRODUCT_NAME = "Balco Sustainability App";
			};
			name = Debug;
		};
		DBA8F9921D678A0F006BBA45 /* Release */ = {
			isa = XCBuildConfiguration;
			baseConfigurationReference = 7D9E9089352874819AA410AC /* Pods-Balco.release.xcconfig */;
			buildSettings = {
				ASSETCATALOG_COMPILER_APPICON_NAME = AppIcon;
				ASSETCATALOG_COMPILER_LAUNCHIMAGE_NAME = LaunchImage;
				INFOPLIST_FILE = Balco/Info.plist;
				IPHONEOS_DEPLOYMENT_TARGET = 8.0;
				LD_RUNPATH_SEARCH_PATHS = "$(inherited) @executable_path/Frameworks";
				PRODUCT_BUNDLE_IDENTIFIER = sy.Balco;
				PRODUCT_NAME = "Balco Sustainability App";
			};
			name = Release;
		};
/* End XCBuildConfiguration section */

/* Begin XCConfigurationList section */
		DBA8F9741D678A0F006BBA45 /* Build configuration list for PBXProject "Balco" */ = {
			isa = XCConfigurationList;
			buildConfigurations = (
				DBA8F98E1D678A0F006BBA45 /* Debug */,
				DBA8F98F1D678A0F006BBA45 /* Release */,
			);
			defaultConfigurationIsVisible = 0;
			defaultConfigurationName = Release;
		};
		DBA8F9901D678A0F006BBA45 /* Build configuration list for PBXNativeTarget "Balco" */ = {
			isa = XCConfigurationList;
			buildConfigurations = (
				DBA8F9911D678A0F006BBA45 /* Debug */,
				DBA8F9921D678A0F006BBA45 /* Release */,
			);
			defaultConfigurationIsVisible = 0;
			defaultConfigurationName = Release;
		};
/* End XCConfigurationList section */
	};
	rootObject = DBA8F9711D678A0F006BBA45 /* Project object */;
}
